
Microsoft Visual Studio Solution File, Format Version 12.00
# Visual Studio Version 16
VisualStudioVersion = 16.0.30804.86
MinimumVisualStudioVersion = 10.0.40219.1
Project("{FAE04EC0-301F-11D3-BF4B-00C04F79EFBC}") = "Restaurante_Siglo_XXI_DESK", "Restaurante_Siglo_XXI_DESK\Restaurante_Siglo_XXI_DESK.csproj", "{DD21F3BB-8CF4-48E3-80A3-5F04FF3E9C92}"
EndProject
Project("{FAE04EC0-301F-11D3-BF4B-00C04F79EFBC}") = "CapaNegocio", "CapaNegocio\CapaNegocio.csproj", "{619AA827-7D8E-4536-A302-C84C2B86C5B5}"
EndProject
Project("{FAE04EC0-301F-11D3-BF4B-00C04F79EFBC}") = "CapaDatos", "CapaDatos\CapaDatos.csproj", "{2E4B89ED-CFED-4389-B455-296F8AF52D83}"
EndProject
Global
	GlobalSection(SolutionConfigurationPlatforms) = preSolution
		Debug|Any CPU = Debug|Any CPU
		Release|Any CPU = Release|Any CPU
	EndGlobalSection
	GlobalSection(ProjectConfigurationPlatforms) = postSolution
		{DD21F3BB-8CF4-48E3-80A3-5F04FF3E9C92}.Debug|Any CPU.ActiveCfg = Debug|Any CPU
		{DD21F3BB-8CF4-48E3-80A3-5F04FF3E9C92}.Debug|Any CPU.Build.0 = Debug|Any CPU
		{DD21F3BB-8CF4-48E3-80A3-5F04FF3E9C92}.Release|Any CPU.ActiveCfg = Release|Any CPU
		{DD21F3BB-8CF4-48E3-80A3-5F04FF3E9C92}.Release|Any CPU.Build.0 = Release|Any CPU
		{619AA827-7D8E-4536-A302-C84C2B86C5B5}.Debug|Any CPU.ActiveCfg = Debug|Any CPU
		{619AA827-7D8E-4536-A302-C84C2B86C5B5}.Debug|Any CPU.Build.0 = Debug|Any CPU
		{619AA827-7D8E-4536-A302-C84C2B86C5B5}.Release|Any CPU.ActiveCfg = Release|Any CPU
		{619AA827-7D8E-4536-A302-C84C2B86C5B5}.Release|Any CPU.Build.0 = Release|Any CPU
		{2E4B89ED-CFED-4389-B455-296F8AF52D83}.Debug|Any CPU.ActiveCfg = Debug|Any CPU
		{2E4B89ED-CFED-4389-B455-296F8AF52D83}.Debug|Any CPU.Build.0 = Debug|Any CPU
		{2E4B89ED-CFED-4389-B455-296F8AF52D83}.Release|Any CPU.ActiveCfg = Release|Any CPU
		{2E4B89ED-CFED-4389-B455-296F8AF52D83}.Release|Any CPU.Build.0 = Release|Any CPU
	EndGlobalSection
	GlobalSection(SolutionProperties) = preSolution
		HideSolutionNode = FALSE
	EndGlobalSection
	GlobalSection(ExtensibilityGlobals) = postSolution
		SolutionGuid = {2DB939C1-A074-458B-91E4-6D969FB07EFB}
	EndGlobalSection
EndGlobal
